
Microsoft Visual Studio Solution File, Format Version 12.00
# Visual Studio Version 16
VisualStudioVersion = 16.0.31205.134
MinimumVisualStudioVersion = 10.0.40219.1
Project("{FAE04EC0-301F-11D3-BF4B-00C04F79EFBC}") = "AntiCloudFare", "AntiCloudFare\AntiCloudFare.csproj", "{F76E120B-FE6A-4CFF-84F0-86B0AD3A8A9C}"
EndProject
Global
	GlobalSection(SolutionConfigurationPlatforms) = preSolution
		Debug|Any CPU = Debug|Any CPU
		Release|Any CPU = Release|Any CPU
	EndGlobalSection
	GlobalSection(ProjectConfigurationPlatforms) = postSolution
		{F76E120B-FE6A-4CFF-84F0-86B0AD3A8A9C}.Debug|Any CPU.ActiveCfg = Debug|Any CPU
		{F76E120B-FE6A-4CFF-84F0-86B0AD3A8A9C}.Debug|Any CPU.Build.0 = Debug|Any CPU
		{F76E120B-FE6A-4CFF-84F0-86B0AD3A8A9C}.Release|Any CPU.ActiveCfg = Release|Any CPU
		{F76E120B-FE6A-4CFF-84F0-86B0AD3A8A9C}.Release|Any CPU.Build.0 = Release|Any CPU
	EndGlobalSection
	GlobalSection(SolutionProperties) = preSolution
		HideSolutionNode = FALSE
	EndGlobalSection
	GlobalSection(ExtensibilityGlobals) = postSolution
		SolutionGuid = {6FCD6337-8336-4D2A-8B00-6FA21B4BFB9D}
	EndGlobalSection
EndGlobal
